github.com/StephaneBunel/bresenham v0.0.0-20211027152503-ec76d7b8e923 h1:tiBl/Mvf7sSO5y3OVK7wznaQkLOCfHhX9KReDeN9WjE=
github.com/StephaneBunel/bresenham v0.0.0-20211027152503-ec76d7b8e923/go.mod h1:IEPPVq1llBFm+OeVCgoAyFiTqK5aE2c2tH4QEsjnQCM=
github.com/mcaci/graphgo v0.0.4 h1:J214/xZEoCki8o65HPP8qffIAPjPQxpD/9xBzzelCJg=
github.com/mcaci/graphgo v0.0.4/go.mod h1:dK3kUBIwhAPkATEM1BdU/0fbXRzHZNDa5iwT9HMOgCo=
